# THIS IS AN AUTOGENERATED FILE. DO NOT EDIT THIS FILE DIRECTLY.
# yarn lockfile v1


jquery-deferred@^0.3.1:
  version "0.3.1"
  resolved "https://registry.yarnpkg.com/jquery-deferred/-/jquery-deferred-0.3.1.tgz#596eca1caaff54f61b110962b23cafea74c35355"
  integrity sha512-YTzoTYR/yrjmNh6B6exK7lC1jlDazEzt9ZlZvdRscv+I1AJqN1SmU3ZAn4iMGiVhwAavCrbijDVyTc0lmr9ZCA==

jquery@^2.2.0:
  version "2.2.4"
  resolved "https://registry.yarnpkg.com/jquery/-/jquery-2.2.4.tgz#2c89d6889b5eac522a7eea32c14521559c6cbf02"
  integrity sha512-lBHj60ezci2u1v2FqnZIraShGgEXq35qCzMv4lITyHGppTnA13rwR0MgwyNJh9TnDs3aXUvd1xjAotfraMHX/Q==

ms-signalr-client@^2.2.7:
  version "2.2.7"
  resolved "https://registry.yarnpkg.com/ms-signalr-client/-/ms-signalr-client-2.2.7.tgz#837c93cbb5c99f6312748c97c81f980fdffe07c8"
  integrity sha512-2OkiVp3KbBjngXAGd+ab/8Hl4OyexoU1pNcEqmWhjFQfzD/1C1Xv1SkMBUg+9iujAngNarEWcQnwrYD71qBVFQ==
  dependencies:
    jquery "^2.2.0"
